
Microsoft Visual Studio Solution File, Format Version 12.00
# Visual Studio Version 17
VisualStudioVersion = 17.3.32922.545
MinimumVisualStudioVersion = 10.0.40219.1
Project("{FAE04EC0-301F-11D3-BF4B-00C04F79EFBC}") = "ShopManagementSystem", "ShopManagementSystem\ShopManagementSystem.csproj", "{0CE62C2F-6951-4544-8B1D-FEA2F9AA2F49}"
EndProject
Global
	GlobalSection(SolutionConfigurationPlatforms) = preSolution
		Debug|Any CPU = Debug|Any CPU
		Release|Any CPU = Release|Any CPU
	EndGlobalSection
	GlobalSection(ProjectConfigurationPlatforms) = postSolution
		{0CE62C2F-6951-4544-8B1D-FEA2F9AA2F49}.Debug|Any CPU.ActiveCfg = Debug|Any CPU
		{0CE62C2F-6951-4544-8B1D-FEA2F9AA2F49}.Debug|Any CPU.Build.0 = Debug|Any CPU
		{0CE62C2F-6951-4544-8B1D-FEA2F9AA2F49}.Release|Any CPU.ActiveCfg = Release|Any CPU
		{0CE62C2F-6951-4544-8B1D-FEA2F9AA2F49}.Release|Any CPU.Build.0 = Release|Any CPU
	EndGlobalSection
	GlobalSection(SolutionProperties) = preSolution
		HideSolutionNode = FALSE
	EndGlobalSection
	GlobalSection(ExtensibilityGlobals) = postSolution
		SolutionGuid = {A41D3241-254C-479E-AD46-7B7015D9A8F8}
	EndGlobalSection
EndGlobal
